{
    "name": "base-prototype-udm",
    "version": "1.0.0",
    "lockfileVersion": 1,
    "requires": true,
    "dependencies": {
        "@fortawesome/fontawesome-free": {
            "version": "5.6.3",
            "resolved": "https://registry.npmjs.org/@fortawesome/fontawesome-free/-/fontawesome-free-5.6.3.tgz",
            "integrity": "sha512-s5PLdI9NYgjBvfrv6rhirPHlAHWx+Sfo/IjsAeiXYfmemC/GSjwsyz1wLnGPazbLPXWfk62ks980o9AmsxYUEQ==",
            "dev": true
        },
        "backbone": {
            "version": "1.4.0",
            "resolved": "https://registry.npmjs.org/backbone/-/backbone-1.4.0.tgz",
            "integrity": "sha512-RLmDrRXkVdouTg38jcgHhyQ/2zjg7a8E6sz2zxfz21Hh17xDJYUHBZimVIt5fUyS8vbfpeSmTL3gUjTEvUV3qQ==",
            "requires": {
                "underscore": ">=1.8.3"
            }
        },
        "bootstrap": {
            "version": "4.3.1",
            "resolved": "https://registry.npmjs.org/bootstrap/-/bootstrap-4.3.1.tgz",
            "integrity": "sha512-rXqOmH1VilAt2DyPzluTi2blhk17bO7ef+zLLPlWvG494pDxcM234pJ8wTc/6R40UWizAIIMgxjvxZg5kmsbag=="
        },
        "chartist": {
            "version": "0.11.4",
            "resolved": "https://registry.npmjs.org/chartist/-/chartist-0.11.4.tgz",
            "integrity": "sha512-H4AimxaUD738/u9Mq8t27J4lh6STsLi4BQHt65nOtpLk3xyrBPaLiLMrHw7/WV9CmsjGA02WihjuL5qpSagLYw=="
        },
        "commander": {
            "version": "2.20.3",
            "resolved": "https://registry.npmjs.org/commander/-/commander-2.20.3.tgz",
            "integrity": "sha512-GpVkmM8vF2vQUkj2LvZmD35JxeJOLCwJ9cUkugyk2nuhbv3+mJvpLYYt+0+USMxE+oj+ey/lJEnhZw75x/OMcQ=="
        },
        "cross-spawn-async": {
            "version": "2.2.5",
            "resolved": "https://registry.npmjs.org/cross-spawn-async/-/cross-spawn-async-2.2.5.tgz",
            "integrity": "sha1-hF/wwINKPe2dFg2sptOQkGuyiMw=",
            "requires": {
                "lru-cache": "^4.0.0",
                "which": "^1.2.8"
            }
        },
        "donejs": {
            "version": "3.2.0",
            "resolved": "https://registry.npmjs.org/donejs/-/donejs-3.2.0.tgz",
            "integrity": "sha512-arVsxf3GXYgXtz7eQYd0L7Q657YjzuXiMkYHACzx4Q5NJWKR2MV4Np33ECGV1mQmTdS/uhWJugPhA2K1hJDqsA==",
            "requires": {
                "commander": "^2.8.1",
                "cross-spawn-async": "^2.0.0",
                "q": "^1.4.1"
            }
        },
        "font-awesome": {
            "version": "4.7.0",
            "resolved": "https://registry.npmjs.org/font-awesome/-/font-awesome-4.7.0.tgz",
            "integrity": "sha1-j6jPBBGhoxr9B7BtKQK7n8gVoTM="
        },
        "intro.js": {
            "version": "5.0.0",
            "resolved": "https://registry.npmjs.org/intro.js/-/intro.js-5.0.0.tgz",
            "integrity": "sha512-bj3R8Fb9h5I/oJIit60KciZUXBDviA4qV1iM9O/AXQvrfv78Szx9ILuRWET1W2jGge8RcM11TApxwQ0007Y1nQ=="
        },
        "isexe": {
            "version": "2.0.0",
            "resolved": "https://registry.npmjs.org/isexe/-/isexe-2.0.0.tgz",
            "integrity": "sha1-6PvzdNxVb/iUehDcsFctYz8s+hA="
        },
        "jquery": {
            "version": "3.5.0",
            "resolved": "https://registry.npmjs.org/jquery/-/jquery-3.5.0.tgz",
            "integrity": "sha512-Xb7SVYMvygPxbFMpTFQiHh1J7HClEaThguL15N/Gg37Lri/qKyhRGZYzHRyLH8Stq3Aow0LsHO2O2ci86fCrNQ=="
        },
        "jquery-mask-plugin": {
            "version": "1.14.16",
            "resolved": "https://registry.npmjs.org/jquery-mask-plugin/-/jquery-mask-plugin-1.14.16.tgz",
            "integrity": "sha512-reywdHlYEkPbzWjTpcc1fk9XQ3PLvO5dzEAVqy8zI7NTF22tB1HbeU3iboZTLdkBEPaWAqeI2HtEjsGQ4roZKw=="
        },
        "jquery-ui-dist": {
            "version": "1.12.1",
            "resolved": "https://registry.npmjs.org/jquery-ui-dist/-/jquery-ui-dist-1.12.1.tgz",
            "integrity": "sha1-XAgV08xvkP9fqvWyaKbiO0ypBPo="
        },
        "jquery-ui-themes": {
            "version": "1.12.0",
            "resolved": "https://registry.npmjs.org/jquery-ui-themes/-/jquery-ui-themes-1.12.0.tgz",
            "integrity": "sha1-pXugrZaADYRSL+dok//L3mcIHVE="
        },
        "lru-cache": {
            "version": "4.1.5",
            "resolved": "https://registry.npmjs.org/lru-cache/-/lru-cache-4.1.5.tgz",
            "integrity": "sha512-sWZlbEP2OsHNkXrMl5GYk/jKk70MBng6UU4YI/qGDYbgf6YbP4EvmqISbXCoJiRKs+1bSpFHVgQxvJ17F2li5g==",
            "requires": {
                "pseudomap": "^1.0.2",
                "yallist": "^2.1.2"
            }
        },
        "metismenu": {
            "version": "3.0.3",
            "resolved": "https://registry.npmjs.org/metismenu/-/metismenu-3.0.3.tgz",
            "integrity": "sha512-nd3+yxSivGG0a5JZJxzlbXQv9aovf1yLjIYfa/s49PrvgTLlJsoe90kw9RbA6RPbPatJxENX0CegX4Hlbfaw8w=="
        },
        "perfect-scrollbar": {
            "version": "1.5.0",
            "resolved": "https://registry.npmjs.org/perfect-scrollbar/-/perfect-scrollbar-1.5.0.tgz",
            "integrity": "sha512-NrNHJn5mUGupSiheBTy6x+6SXCFbLlm8fVZh9moIzw/LgqElN5q4ncR4pbCBCYuCJ8Kcl9mYM0NgDxvW+b4LxA=="
        },
        "popper.js": {
            "version": "1.16.1",
            "resolved": "https://registry.npmjs.org/popper.js/-/popper.js-1.16.1.tgz",
            "integrity": "sha512-Wb4p1J4zyFTbM+u6WuO4XstYx4Ky9Cewe4DWrel7B0w6VVICvPwdOpotjzcf6eD8TsckVnIMNONQyPIUFOUbCQ=="
        },
        "pseudomap": {
            "version": "1.0.2",
            "resolved": "https://registry.npmjs.org/pseudomap/-/pseudomap-1.0.2.tgz",
            "integrity": "sha1-8FKijacOYYkX7wqKw0wa5aaChrM="
        },
        "q": {
            "version": "1.5.1",
            "resolved": "https://registry.npmjs.org/q/-/q-1.5.1.tgz",
            "integrity": "sha1-fjL3W0E4EpHQRhHxvxQQmsAGUdc="
        },
        "startbootstrap-sb-admin": {
            "version": "7.0.3",
            "resolved": "https://registry.npmjs.org/startbootstrap-sb-admin/-/startbootstrap-sb-admin-7.0.3.tgz",
            "integrity": "sha512-WHAlOhLRkKSwuNV5wM7tbSOtQEARQWpsypbS0nbJjb2yRDU4bO5rwgWAT4lEPvfcEmZQWd8EH4p8X5wzyOWW0A==",
            "dev": true,
            "requires": {
                "bootstrap": "5.1.0"
            },
            "dependencies": {
                "bootstrap": {
                    "version": "5.1.0",
                    "resolved": "https://registry.npmjs.org/bootstrap/-/bootstrap-5.1.0.tgz",
                    "integrity": "sha512-bs74WNI9BgBo3cEovmdMHikSKoXnDgA6VQjJ7TyTotU6L7d41ZyCEEelPwkYEzsG/Zjv3ie9IE3EMAje0W9Xew==",
                    "dev": true
                }
            }
        },
        "startbootstrap-sb-admin-2": {
            "version": "3.3.7",
            "resolved": "https://registry.npmjs.org/startbootstrap-sb-admin-2/-/startbootstrap-sb-admin-2-3.3.7.tgz",
            "integrity": "sha1-C49fGpD4B6QsBBx0ftl7T9561oE=",
            "dev": true
        },
        "underscore": {
            "version": "1.13.1",
            "resolved": "https://registry.npmjs.org/underscore/-/underscore-1.13.1.tgz",
            "integrity": "sha512-hzSoAVtJF+3ZtiFX0VgfFPHEDRm7Y/QPjGyNo4TVdnDTdft3tr8hEkD25a1jC+TjTuE7tkHGKkhwCgs9dgBB2g=="
        },
        "which": {
            "version": "1.3.1",
            "resolved": "https://registry.npmjs.org/which/-/which-1.3.1.tgz",
            "integrity": "sha512-HxJdYWq1MTIQbJ3nw0cqssHoTNU267KlrDuGZ1WYlxDStUtKUhOaJmh112/TZmHxxUfuJqPXSOm7tDyas0OSIQ==",
            "requires": {
                "isexe": "^2.0.0"
            }
        },
        "yallist": {
            "version": "2.1.2",
            "resolved": "https://registry.npmjs.org/yallist/-/yallist-2.1.2.tgz",
            "integrity": "sha1-HBH5IY8HYImkfdUS+TxmmaaoHVI="
        }
    }
}
