{
    "name": "base-prototype-udm",
    "version": "1.0.0",
    "lockfileVersion": 1,
    "requires": true,
    "dependencies": {
        "@fortawesome/fontawesome-free": {
            "version": "5.6.3",
            "resolved": "https://registry.npmjs.org/@fortawesome/fontawesome-free/-/fontawesome-free-5.6.3.tgz",
            "integrity": "sha512-s5PLdI9NYgjBvfrv6rhirPHlAHWx+Sfo/IjsAeiXYfmemC/GSjwsyz1wLnGPazbLPXWfk62ks980o9AmsxYUEQ==",
            "dev": true
        },
        "angular": {
            "version": "1.7.5",
            "resolved": "https://registry.npmjs.org/angular/-/angular-1.7.5.tgz",
            "integrity": "sha512-760183yxtGzni740IBTieNuWLtPNAoMqvmC0Z62UoU0I3nqk+VJuO3JbQAXOyvo3Oy/ZsdNQwrSTh/B0OQZjNw=="
        },
        "angular-growl-v2": {
            "version": "0.7.5",
            "resolved": "https://registry.npmjs.org/angular-growl-v2/-/angular-growl-v2-0.7.5.tgz",
            "integrity": "sha1-V4dtURYigBlIwC46ld2WM3r2Rw0="
        },
        "angular-i18n": {
            "version": "1.7.5",
            "resolved": "https://registry.npmjs.org/angular-i18n/-/angular-i18n-1.7.5.tgz",
            "integrity": "sha512-52+Jpt8HRJV2bqSbSU6fWkwOvGzj/DxbNpKXxnTuCS9heuJrlm77BS/lhrF4BA8+Uudnh7npr5/yRELobP+8Yw=="
        },
        "angular-resource": {
            "version": "1.7.5",
            "resolved": "https://registry.npmjs.org/angular-resource/-/angular-resource-1.7.5.tgz",
            "integrity": "sha512-zlCKVNa2nnZNb4Lz3YFPKhsYG+v+t4STEsjkWRbii6PfwSrtH9R/zGpCOkBNFnq3naeZMMmd5aIIgHi5a7k9jA=="
        },
        "angular-sanitize": {
            "version": "1.7.5",
            "resolved": "https://registry.npmjs.org/angular-sanitize/-/angular-sanitize-1.7.5.tgz",
            "integrity": "sha512-wjKCJOIwrkEvfD0keTnKGi6We13gtoCAQIHcdoqyoo3gwvcgNfYymVQIS3+iCGVcjfWz0jHuS3KgB4ysRWsTTA=="
        },
        "angular-translate": {
            "version": "2.18.1",
            "resolved": "https://registry.npmjs.org/angular-translate/-/angular-translate-2.18.1.tgz",
            "integrity": "sha512-Mw0kFBqsv5j8ItL9IhRZunIlVmIRW6iFsiTmRs9wGr2QTt8z4rehYlWyHos8qnXc/kyOYJiW50iH50CSNHGB9A==",
            "requires": {
                "angular": ">=1.2.26 <=1.7"
            }
        },
        "angular-translate-loader-static-files": {
            "version": "2.18.1",
            "resolved": "https://registry.npmjs.org/angular-translate-loader-static-files/-/angular-translate-loader-static-files-2.18.1.tgz",
            "integrity": "sha512-5MuyzAROfc493kjLjKlLGLBzXiRmZIFbcWZGutDRxW5SRXSpwrH0u0hh0ENNnUyUQbe2vUspHNPIuZqlq8qIhw==",
            "requires": {
                "angular-translate": "~2.18.1"
            },
            "dependencies": {
                "angular-translate": {
                    "version": "2.18.1",
                    "resolved": "https://registry.npmjs.org/angular-translate/-/angular-translate-2.18.1.tgz",
                    "integrity": "sha512-Mw0kFBqsv5j8ItL9IhRZunIlVmIRW6iFsiTmRs9wGr2QTt8z4rehYlWyHos8qnXc/kyOYJiW50iH50CSNHGB9A==",
                    "requires": {
                        "angular": ">=1.2.26 <=1.7"
                    }
                }
            }
        },
        "bootstrap": {
            "version": "4.3.1",
            "resolved": "https://registry.npmjs.org/bootstrap/-/bootstrap-4.3.1.tgz",
            "integrity": "sha512-rXqOmH1VilAt2DyPzluTi2blhk17bO7ef+zLLPlWvG494pDxcM234pJ8wTc/6R40UWizAIIMgxjvxZg5kmsbag=="
        },
        "chart.js": {
            "version": "2.7.2",
            "resolved": "http://registry.npmjs.org/chart.js/-/chart.js-2.7.2.tgz",
            "integrity": "sha512-90wl3V9xRZ8tnMvMlpcW+0Yg13BelsGS9P9t0ClaDxv/hdypHDr/YAGf+728m11P5ljwyB0ZHfPKCapZFqSqYA==",
            "requires": {
                "chartjs-color": "^2.1.0",
                "moment": "^2.10.2"
            }
        },
        "chartjs-color": {
            "version": "2.2.0",
            "resolved": "https://registry.npmjs.org/chartjs-color/-/chartjs-color-2.2.0.tgz",
            "integrity": "sha1-hKL7dVeH7YXDndbdjHsdiEKbrq4=",
            "requires": {
                "chartjs-color-string": "^0.5.0",
                "color-convert": "^0.5.3"
            }
        },
        "chartjs-color-string": {
            "version": "0.5.0",
            "resolved": "https://registry.npmjs.org/chartjs-color-string/-/chartjs-color-string-0.5.0.tgz",
            "integrity": "sha512-amWNvCOXlOUYxZVDSa0YOab5K/lmEhbFNKI55PWc4mlv28BDzA7zaoQTGxSBgJMHIW+hGX8YUrvw/FH4LyhwSQ==",
            "requires": {
                "color-name": "^1.0.0"
            }
        },
        "color-convert": {
            "version": "0.5.3",
            "resolved": "http://registry.npmjs.org/color-convert/-/color-convert-0.5.3.tgz",
            "integrity": "sha1-vbbGnOZg+t/+CwAHzER+G59ygr0="
        },
        "color-name": {
            "version": "1.1.4",
            "resolved": "https://registry.npmjs.org/color-name/-/color-name-1.1.4.tgz",
            "integrity": "sha512-dOy+3AuW3a2wNbZHIuMZpTcgjGuLU/uBL/ubcZF9OXbDo8ff4O8yVp5Bf0efS8uEoYo5q4Fx7dY9OgQGXgAsQA=="
        },
        "datatables.net": {
            "version": "1.10.19",
            "resolved": "https://registry.npmjs.org/datatables.net/-/datatables.net-1.10.19.tgz",
            "integrity": "sha512-+ljXcI6Pj3PTGy5pesp3E5Dr3x3AV45EZe0o1r0gKENN2gafBKXodVnk2ypKwl2tTmivjxbkiqoWnipTefyBTA==",
            "requires": {
                "jquery": ">=1.7"
            }
        },
        "datatables.net-bs4": {
            "version": "1.10.19",
            "resolved": "https://registry.npmjs.org/datatables.net-bs4/-/datatables.net-bs4-1.10.19.tgz",
            "integrity": "sha512-pgeP17w4aPR7HIxIwuJghfqXULjdg1K6xMUUKDyCERJRSNNK4MRToFfELtIsluLNN555YBK4Kx8nihX5/ZT1Fw==",
            "requires": {
                "datatables.net": "1.10.19",
                "jquery": ">=1.7"
            }
        },
        "font-awesome": {
            "version": "4.7.0",
            "resolved": "https://registry.npmjs.org/font-awesome/-/font-awesome-4.7.0.tgz",
            "integrity": "sha1-j6jPBBGhoxr9B7BtKQK7n8gVoTM="
        },
        "jquery": {
            "version": "3.5.0",
            "resolved": "https://registry.npmjs.org/jquery/-/jquery-3.5.0.tgz",
            "integrity": "sha512-Xb7SVYMvygPxbFMpTFQiHh1J7HClEaThguL15N/Gg37Lri/qKyhRGZYzHRyLH8Stq3Aow0LsHO2O2ci86fCrNQ=="
        },
        "jquery-ui": {
            "version": "1.12.1",
            "resolved": "https://registry.npmjs.org/jquery-ui/-/jquery-ui-1.12.1.tgz",
            "integrity": "sha1-vLQEXI3QU5wTS8FIjN0+dop6nlE="
        },
        "jquery-ui-themes": {
            "version": "1.12.0",
            "resolved": "https://registry.npmjs.org/jquery-ui-themes/-/jquery-ui-themes-1.12.0.tgz",
            "integrity": "sha1-pXugrZaADYRSL+dok//L3mcIHVE="
        },
        "jquery.easing": {
            "version": "1.4.1",
            "resolved": "http://registry.npmjs.org/jquery.easing/-/jquery.easing-1.4.1.tgz",
            "integrity": "sha1-R5gsWDa9dY/UhJSSPEoQHvbpPjs="
        },
        "metismenu": {
            "version": "3.0.3",
            "resolved": "https://registry.npmjs.org/metismenu/-/metismenu-3.0.3.tgz",
            "integrity": "sha512-nd3+yxSivGG0a5JZJxzlbXQv9aovf1yLjIYfa/s49PrvgTLlJsoe90kw9RbA6RPbPatJxENX0CegX4Hlbfaw8w=="
        },
        "moment": {
            "version": "2.23.0",
            "resolved": "https://registry.npmjs.org/moment/-/moment-2.23.0.tgz",
            "integrity": "sha512-3IE39bHVqFbWWaPOMHZF98Q9c3LDKGTmypMiTM2QygGXXElkFWIH7GxfmlwmY2vwa+wmNsoYZmG2iusf1ZjJoA=="
        },
        "popper.js": {
            "version": "1.14.6",
            "resolved": "https://registry.npmjs.org/popper.js/-/popper.js-1.14.6.tgz",
            "integrity": "sha512-AGwHGQBKumlk/MDfrSOf0JHhJCImdDMcGNoqKmKkU+68GFazv3CQ6q9r7Ja1sKDZmYWTckY/uLyEznheTDycnA=="
        },
        "startbootstrap-sb-admin": {
            "version": "5.0.2",
            "resolved": "https://registry.npmjs.org/startbootstrap-sb-admin/-/startbootstrap-sb-admin-5.0.2.tgz",
            "integrity": "sha512-CglKXyBYE+Mr4v65dfhbZtmp+G1OTrIQEsWtAlOHmMjADW9SO6hIUdHwiRbaMiSS81vqcmI4JNtzon8GFJwt6Q==",
            "requires": {
                "@fortawesome/fontawesome-free": "5.3.1",
                "bootstrap": "4.1.3",
                "chart.js": "2.7.2",
                "datatables.net-bs4": "1.10.19",
                "jquery": "3.3.1",
                "jquery.easing": "^1.4.1"
            },
            "dependencies": {
                "@fortawesome/fontawesome-free": {
                    "version": "5.3.1",
                    "resolved": "https://registry.npmjs.org/@fortawesome/fontawesome-free/-/fontawesome-free-5.3.1.tgz",
                    "integrity": "sha512-jt6yi7iZVtkY9Jc6zFo+G2vqL4M81pb3IA3WmnnDt9ci7Asz+mPg4gbZL8pjx0nGFBsG0Bmd7BjU9IQkebqxFA=="
                },
                "bootstrap": {
                    "version": "4.1.3",
                    "resolved": "https://registry.npmjs.org/bootstrap/-/bootstrap-4.1.3.tgz",
                    "integrity": "sha512-rDFIzgXcof0jDyjNosjv4Sno77X4KuPeFxG2XZZv1/Kc8DRVGVADdoQyyOVDwPqL36DDmtCQbrpMCqvpPLJQ0w=="
                },
                "jquery": {
                    "version": "3.3.1",
                    "resolved": "https://registry.npmjs.org/jquery/-/jquery-3.3.1.tgz",
                    "integrity": "sha512-Ubldcmxp5np52/ENotGxlLe6aGMvmF4R8S6tZjsP6Knsaxd/xp3Zrh50cG93lR6nPXyUFwzN3ZSOQI0wRJNdGg=="
                }
            }
        },
        "startbootstrap-sb-admin-2": {
            "version": "3.3.7",
            "resolved": "https://registry.npmjs.org/startbootstrap-sb-admin-2/-/startbootstrap-sb-admin-2-3.3.7.tgz",
            "integrity": "sha1-C49fGpD4B6QsBBx0ftl7T9561oE="
        }
    }
}
